# This file is autogenerated, do not edit; changes may be undone by the next 'dep ensure'.


[[projects]]
  name = "github.com/BurntSushi/toml"
  packages = ["."]
  revision = "b26d9c308763d68093482582cea63d69be07a0f0"
  version = "v0.3.0"

[[projects]]
  name = "github.com/go-redis/redis"
  packages = [
    ".",
    "internal",
    "internal/consistenthash",
    "internal/hashtag",
    "internal/pool",
    "internal/proto",
    "internal/singleflight",
    "internal/util"
  ]
  revision = "83fb42932f6145ce52df09860384a4653d2d332a"
  version = "v6.12.0"

[[projects]]
  branch = "master"
  name = "layeh.com/radius"
  packages = ["."]
  revision = "ecd39281c1ae484555e2fa85793c2172f6c11311"

[solve-meta]
  analyzer-name = "dep"
  analyzer-version = 1
  inputs-digest = "fb165223bc21aa980c2dea59a4366f575aa884314682cb919859bd1807f64860"
  solver-name = "gps-cdcl"
  solver-version = 1
